
Microsoft Visual Studio Solution File, Format Version 10.00
# Visual Studio 2008
# SharpDevelop 3.2.0.5505
Project("{FAE04EC0-301F-11D3-BF4B-00C04F79EFBC}") = "GifComponents.NUnit", "GifComponents.NUnit\GifComponents.NUnit.csproj", "{A653992D-8BD7-4C44-AD6C-3ACC759AF954}"
EndProject
Project("{FAE04EC0-301F-11D3-BF4B-00C04F79EFBC}") = "GifInspector", "GifInspector\GifInspector.csproj", "{7120958B-06CE-45E1-8EEE-74C02325C8C8}"
EndProject
Project("{CFEE4113-1246-4D54-95CB-156813CB8593}") = "GifComponents.Setup", "GifInspector.Setup\GifComponents.Setup.wixproj", "{6CBC82C9-08E7-4EC2-9AD7-E42CD481C0EB}"
EndProject
Project("{2150E333-8FDC-42A3-9474-1A3956D46DE8}") = "Solution Items", "Solution Items", "{0D9886F4-F2D7-4BA1-9878-9D24B1CD2E6E}"
	ProjectSection(SolutionItems) = postProject
		GifComponents.shfb = GifComponents.shfb
	EndProjectSection
EndProject
Project("{FAE04EC0-301F-11D3-BF4B-00C04F79EFBC}") = "GifComponents", "GifComponents\GifComponents.csproj", "{19D45270-91BE-4AD2-9F2E-84B3F792324F}"
EndProject
Project("{FAE04EC0-301F-11D3-BF4B-00C04F79EFBC}") = "GifBuilder", "GifBuilder\GifBuilder.csproj", "{81D2BE9D-CE2D-4A54-951B-0BA55CB12D85}"
EndProject
Global
	GlobalSection(SolutionConfigurationPlatforms) = preSolution
		Debug|Any CPU = Debug|Any CPU
		Release|Any CPU = Release|Any CPU
	EndGlobalSection
	GlobalSection(ProjectConfigurationPlatforms) = postSolution
		{A653992D-8BD7-4C44-AD6C-3ACC759AF954}.Debug|Any CPU.Build.0 = Debug|Any CPU
		{A653992D-8BD7-4C44-AD6C-3ACC759AF954}.Debug|Any CPU.ActiveCfg = Debug|Any CPU
		{A653992D-8BD7-4C44-AD6C-3ACC759AF954}.Release|Any CPU.Build.0 = Release|Any CPU
		{A653992D-8BD7-4C44-AD6C-3ACC759AF954}.Release|Any CPU.ActiveCfg = Release|Any CPU
		{7120958B-06CE-45E1-8EEE-74C02325C8C8}.Debug|Any CPU.Build.0 = Debug|Any CPU
		{7120958B-06CE-45E1-8EEE-74C02325C8C8}.Debug|Any CPU.ActiveCfg = Debug|Any CPU
		{7120958B-06CE-45E1-8EEE-74C02325C8C8}.Release|Any CPU.Build.0 = Release|Any CPU
		{7120958B-06CE-45E1-8EEE-74C02325C8C8}.Release|Any CPU.ActiveCfg = Release|Any CPU
		{6CBC82C9-08E7-4EC2-9AD7-E42CD481C0EB}.Debug|Any CPU.Build.0 = Debug|x86
		{6CBC82C9-08E7-4EC2-9AD7-E42CD481C0EB}.Debug|Any CPU.ActiveCfg = Debug|x86
		{6CBC82C9-08E7-4EC2-9AD7-E42CD481C0EB}.Release|Any CPU.Build.0 = Release|x86
		{6CBC82C9-08E7-4EC2-9AD7-E42CD481C0EB}.Release|Any CPU.ActiveCfg = Release|x86
		{19D45270-91BE-4AD2-9F2E-84B3F792324F}.Debug|Any CPU.Build.0 = Debug|x86
		{19D45270-91BE-4AD2-9F2E-84B3F792324F}.Debug|Any CPU.ActiveCfg = Debug|x86
		{19D45270-91BE-4AD2-9F2E-84B3F792324F}.Release|Any CPU.Build.0 = Release|x86
		{19D45270-91BE-4AD2-9F2E-84B3F792324F}.Release|Any CPU.ActiveCfg = Release|x86
		{81D2BE9D-CE2D-4A54-951B-0BA55CB12D85}.Debug|Any CPU.Build.0 = Debug|x86
		{81D2BE9D-CE2D-4A54-951B-0BA55CB12D85}.Debug|Any CPU.ActiveCfg = Debug|x86
		{81D2BE9D-CE2D-4A54-951B-0BA55CB12D85}.Release|Any CPU.Build.0 = Release|x86
		{81D2BE9D-CE2D-4A54-951B-0BA55CB12D85}.Release|Any CPU.ActiveCfg = Release|x86
	EndGlobalSection
EndGlobal
